{
    "_meta": {
        "hash": {
            "sha256": "1bf4fc56f09d1bb0649b43381585874ca9b780b937ce7f16bedc3eb07f9315e1"
        },
        "pipfile-spec": 6,
        "requires": {
            "python_version": "3.10"
        },
        "sources": [
            {
                "name": "pypi",
                "url": "https://pypi.org/simple",
                "verify_ssl": true
            }
        ]
    },
    "default": {
        "docx2pdf": {
            "hashes": [
                "sha256:00be1401fd486640314e993423a0a1cbdbc21142186f68549d962d505b2e8a12",
                "sha256:6d2c20f9ad36eec75f4da017dc7a97622946954a6124ca0b11772875fa86fbed"
            ],
            "index": "pypi",
            "version": "==0.1.8"
        },
        "tqdm": {
            "hashes": [
                "sha256:d302b3c5b53d47bce91fea46679d9c3c6508cf6332229aa1e7d8653723793386",
                "sha256:d88e651f9db8d8551a62556d3cff9e3034274ca5d66e93197cf2490e2dcb69c7"
            ],
            "markers": "python_version >= '3.7'",
            "version": "==4.66.1"
        }
    },
    "develop": {}
}
