{
    "_meta": {
        "hash": {
            "sha256": "b6d0753aee84cf63e91852e5914674917c77a39318adfd7da66ad5978f7984b4"
        },
        "pipfile-spec": 6,
        "requires": {
            "python_version": "3.10"
        },
        "sources": [
            {
                "name": "pypi",
                "url": "https://pypi.org/simple",
                "verify_ssl": true
            }
        ]
    },
    "default": {
        "patool": {
            "hashes": [
                "sha256:3f642549c9a78f5b8bef1af92df385b521d360520d1f34e4dba3fd1dee2a21bc",
                "sha256:e3180cf8bfe13bedbcf6f5628452fca0c2c84a3b5ae8c2d3f55720ea04cb1097"
            ],
            "index": "pypi",
            "version": "==1.12"
        },
        "rarfile": {
            "hashes": [
                "sha256:1094869119012f95c31a6f22cc3a9edbdca61861b805241116adbe2d737b68f8",
                "sha256:67548769229c5bda0827c1663dce3f54644f9dbfba4ae86d4da2b2afd3e602a1"
            ],
            "index": "pypi",
            "version": "==4.0"
        }
    },
    "develop": {}
}
